{
  "version": "5",
  "workspace": {
    "packageJson": {
      "dependencies": [
        "npm:@inlang/paraglide-js@2",
        "npm:@sveltejs/adapter-auto@6",
        "npm:@sveltejs/kit@^2.16.0",
        "npm:@sveltejs/vite-plugin-svelte@5",
        "npm:better-auth@^1.3.4",
        "npm:mongoose@^8.17.0",
        "npm:svelte-check@4",
        "npm:svelte@5",
        "npm:typescript@5",
        "npm:vite@^6.2.6"
      ]
    }
  }
}
